
Microsoft Visual Studio Solution File, Format Version 12.00
# Visual Studio Version 16
VisualStudioVersion = 16.0.30114.105
MinimumVisualStudioVersion = 10.0.40219.1
Project("{FAE04EC0-301F-11D3-BF4B-00C04F79EFBC}") = "API", "API\API.csproj", "{62940670-9C30-450E-92A9-9A75B57480BB}"
EndProject
Project("{FAE04EC0-301F-11D3-BF4B-00C04F79EFBC}") = "Application", "Application\Application.csproj", "{F494E94D-DC76-45F3-8CF3-0E4E35CDCEC3}"
EndProject
Project("{FAE04EC0-301F-11D3-BF4B-00C04F79EFBC}") = "Persistence", "Persistence\Persistence.csproj", "{C1A4E1F6-1EFE-4F8C-A16C-168D236F9BB2}"
EndProject
Project("{FAE04EC0-301F-11D3-BF4B-00C04F79EFBC}") = "Domain", "Domain\Domain.csproj", "{BEA2235B-AA82-439B-9027-C8F8DCAEE96E}"
EndProject
Global
	GlobalSection(SolutionConfigurationPlatforms) = preSolution
		Debug|Any CPU = Debug|Any CPU
		Debug|x64 = Debug|x64
		Debug|x86 = Debug|x86
		Release|Any CPU = Release|Any CPU
		Release|x64 = Release|x64
		Release|x86 = Release|x86
	EndGlobalSection
	GlobalSection(SolutionProperties) = preSolution
		HideSolutionNode = FALSE
	EndGlobalSection
	GlobalSection(ProjectConfigurationPlatforms) = postSolution
		{62940670-9C30-450E-92A9-9A75B57480BB}.Debug|Any CPU.ActiveCfg = Debug|Any CPU
		{62940670-9C30-450E-92A9-9A75B57480BB}.Debug|Any CPU.Build.0 = Debug|Any CPU
		{62940670-9C30-450E-92A9-9A75B57480BB}.Debug|x64.ActiveCfg = Debug|Any CPU
		{62940670-9C30-450E-92A9-9A75B57480BB}.Debug|x64.Build.0 = Debug|Any CPU
		{62940670-9C30-450E-92A9-9A75B57480BB}.Debug|x86.ActiveCfg = Debug|Any CPU
		{62940670-9C30-450E-92A9-9A75B57480BB}.Debug|x86.Build.0 = Debug|Any CPU
		{62940670-9C30-450E-92A9-9A75B57480BB}.Release|Any CPU.ActiveCfg = Release|Any CPU
		{62940670-9C30-450E-92A9-9A75B57480BB}.Release|Any CPU.Build.0 = Release|Any CPU
		{62940670-9C30-450E-92A9-9A75B57480BB}.Release|x64.ActiveCfg = Release|Any CPU
		{62940670-9C30-450E-92A9-9A75B57480BB}.Release|x64.Build.0 = Release|Any CPU
		{62940670-9C30-450E-92A9-9A75B57480BB}.Release|x86.ActiveCfg = Release|Any CPU
		{62940670-9C30-450E-92A9-9A75B57480BB}.Release|x86.Build.0 = Release|Any CPU
		{F494E94D-DC76-45F3-8CF3-0E4E35CDCEC3}.Debug|Any CPU.ActiveCfg = Debug|Any CPU
		{F494E94D-DC76-45F3-8CF3-0E4E35CDCEC3}.Debug|Any CPU.Build.0 = Debug|Any CPU
		{F494E94D-DC76-45F3-8CF3-0E4E35CDCEC3}.Debug|x64.ActiveCfg = Debug|Any CPU
		{F494E94D-DC76-45F3-8CF3-0E4E35CDCEC3}.Debug|x64.Build.0 = Debug|Any CPU
		{F494E94D-DC76-45F3-8CF3-0E4E35CDCEC3}.Debug|x86.ActiveCfg = Debug|Any CPU
		{F494E94D-DC76-45F3-8CF3-0E4E35CDCEC3}.Debug|x86.Build.0 = Debug|Any CPU
		{F494E94D-DC76-45F3-8CF3-0E4E35CDCEC3}.Release|Any CPU.ActiveCfg = Release|Any CPU
		{F494E94D-DC76-45F3-8CF3-0E4E35CDCEC3}.Release|Any CPU.Build.0 = Release|Any CPU
		{F494E94D-DC76-45F3-8CF3-0E4E35CDCEC3}.Release|x64.ActiveCfg = Release|Any CPU
		{F494E94D-DC76-45F3-8CF3-0E4E35CDCEC3}.Release|x64.Build.0 = Release|Any CPU
		{F494E94D-DC76-45F3-8CF3-0E4E35CDCEC3}.Release|x86.ActiveCfg = Release|Any CPU
		{F494E94D-DC76-45F3-8CF3-0E4E35CDCEC3}.Release|x86.Build.0 = Release|Any CPU
		{C1A4E1F6-1EFE-4F8C-A16C-168D236F9BB2}.Debug|Any CPU.ActiveCfg = Debug|Any CPU
		{C1A4E1F6-1EFE-4F8C-A16C-168D236F9BB2}.Debug|Any CPU.Build.0 = Debug|Any CPU
		{C1A4E1F6-1EFE-4F8C-A16C-168D236F9BB2}.Debug|x64.ActiveCfg = Debug|Any CPU
		{C1A4E1F6-1EFE-4F8C-A16C-168D236F9BB2}.Debug|x64.Build.0 = Debug|Any CPU
		{C1A4E1F6-1EFE-4F8C-A16C-168D236F9BB2}.Debug|x86.ActiveCfg = Debug|Any CPU
		{C1A4E1F6-1EFE-4F8C-A16C-168D236F9BB2}.Debug|x86.Build.0 = Debug|Any CPU
		{C1A4E1F6-1EFE-4F8C-A16C-168D236F9BB2}.Release|Any CPU.ActiveCfg = Release|Any CPU
		{C1A4E1F6-1EFE-4F8C-A16C-168D236F9BB2}.Release|Any CPU.Build.0 = Release|Any CPU
		{C1A4E1F6-1EFE-4F8C-A16C-168D236F9BB2}.Release|x64.ActiveCfg = Release|Any CPU
		{C1A4E1F6-1EFE-4F8C-A16C-168D236F9BB2}.Release|x64.Build.0 = Release|Any CPU
		{C1A4E1F6-1EFE-4F8C-A16C-168D236F9BB2}.Release|x86.ActiveCfg = Release|Any CPU
		{C1A4E1F6-1EFE-4F8C-A16C-168D236F9BB2}.Release|x86.Build.0 = Release|Any CPU
		{BEA2235B-AA82-439B-9027-C8F8DCAEE96E}.Debug|Any CPU.ActiveCfg = Debug|Any CPU
		{BEA2235B-AA82-439B-9027-C8F8DCAEE96E}.Debug|Any CPU.Build.0 = Debug|Any CPU
		{BEA2235B-AA82-439B-9027-C8F8DCAEE96E}.Debug|x64.ActiveCfg = Debug|Any CPU
		{BEA2235B-AA82-439B-9027-C8F8DCAEE96E}.Debug|x64.Build.0 = Debug|Any CPU
		{BEA2235B-AA82-439B-9027-C8F8DCAEE96E}.Debug|x86.ActiveCfg = Debug|Any CPU
		{BEA2235B-AA82-439B-9027-C8F8DCAEE96E}.Debug|x86.Build.0 = Debug|Any CPU
		{BEA2235B-AA82-439B-9027-C8F8DCAEE96E}.Release|Any CPU.ActiveCfg = Release|Any CPU
		{BEA2235B-AA82-439B-9027-C8F8DCAEE96E}.Release|Any CPU.Build.0 = Release|Any CPU
		{BEA2235B-AA82-439B-9027-C8F8DCAEE96E}.Release|x64.ActiveCfg = Release|Any CPU
		{BEA2235B-AA82-439B-9027-C8F8DCAEE96E}.Release|x64.Build.0 = Release|Any CPU
		{BEA2235B-AA82-439B-9027-C8F8DCAEE96E}.Release|x86.ActiveCfg = Release|Any CPU
		{BEA2235B-AA82-439B-9027-C8F8DCAEE96E}.Release|x86.Build.0 = Release|Any CPU
	EndGlobalSection
EndGlobal
